
Microsoft Visual Studio Solution File, Format Version 12.00
# Visual Studio Version 17
VisualStudioVersion = 17.8.34316.72
MinimumVisualStudioVersion = 10.0.40219.1
Project("{FAE04EC0-301F-11D3-BF4B-00C04F79EFBC}") = "Spectrogram", "Spectrogram\Spectrogram.csproj", "{B88D517C-C8D3-43AF-B752-8C9F115ECC60}"
EndProject
Global
	GlobalSection(SolutionConfigurationPlatforms) = preSolution
		Debug|Any CPU = Debug|Any CPU
		Release|Any CPU = Release|Any CPU
	EndGlobalSection
	GlobalSection(ProjectConfigurationPlatforms) = postSolution
		{B88D517C-C8D3-43AF-B752-8C9F115ECC60}.Debug|Any CPU.ActiveCfg = Debug|Any CPU
		{B88D517C-C8D3-43AF-B752-8C9F115ECC60}.Debug|Any CPU.Build.0 = Debug|Any CPU
		{B88D517C-C8D3-43AF-B752-8C9F115ECC60}.Release|Any CPU.ActiveCfg = Release|Any CPU
		{B88D517C-C8D3-43AF-B752-8C9F115ECC60}.Release|Any CPU.Build.0 = Release|Any CPU
	EndGlobalSection
	GlobalSection(SolutionProperties) = preSolution
		HideSolutionNode = FALSE
	EndGlobalSection
	GlobalSection(ExtensibilityGlobals) = postSolution
		SolutionGuid = {A8EA57FF-FD84-468B-B62B-F260CBA3ACC7}
	EndGlobalSection
EndGlobal
